'1':
  base:
    required-power: 2
    min-xp: 10
    max-xp: 20
    gen-template: basic-template
    material: STONE
    block-id: 1
    name: '&aMy First Custom Block'
    revision-id: 2
'2':
  base:
    material: STONE
    block-id: 2
    name: '&bMy Second Custom Block'
    revision-id: 2
'3':
  base:
    lore: []
    material: END_STONE
    block-id: 3
    revision-id: 2
BEDROCK:
  base:
    material: BEDROCK
    tier: EXOTIC
    unbreakable: true
    lore:
    - '&cThis is placeable, and unable'
    - '&cto be broken or unplaced!'
    - '&cPlace with CAUTION!'
    name: <tier-color-cleaned>Bedrock
    revision-id: 2
TEST:
  base:
    material: DIRT
    lore:
    - lore est
    custom-nbt:
    - NBT TEst
    name: '&ATest'
    tier: RARE
    revision-id: 2
